
Microsoft Visual Studio Solution File, Format Version 12.00
# Visual Studio Version 16
VisualStudioVersion = 16.0.32106.194
MinimumVisualStudioVersion = 10.0.40219.1
Project("{FAE04EC0-301F-11D3-BF4B-00C04F79EFBC}") = "DilekFenerim", "DilekFenerim.csproj", "{19464491-93CF-4AD3-8B6F-25CD32E13BFB}"
EndProject
Global
	GlobalSection(SolutionConfigurationPlatforms) = preSolution
		Debug|Any CPU = Debug|Any CPU
		Release|Any CPU = Release|Any CPU
	EndGlobalSection
	GlobalSection(ProjectConfigurationPlatforms) = postSolution
		{19464491-93CF-4AD3-8B6F-25CD32E13BFB}.Debug|Any CPU.ActiveCfg = Debug|Any CPU
		{19464491-93CF-4AD3-8B6F-25CD32E13BFB}.Debug|Any CPU.Build.0 = Debug|Any CPU
		{19464491-93CF-4AD3-8B6F-25CD32E13BFB}.Release|Any CPU.ActiveCfg = Release|Any CPU
		{19464491-93CF-4AD3-8B6F-25CD32E13BFB}.Release|Any CPU.Build.0 = Release|Any CPU
	EndGlobalSection
	GlobalSection(SolutionProperties) = preSolution
		HideSolutionNode = FALSE
	EndGlobalSection
	GlobalSection(ExtensibilityGlobals) = postSolution
		SolutionGuid = {3DFE5A18-0483-4C60-A129-B49C79305FAA}
	EndGlobalSection
EndGlobal
